PODS:
  - Alamofire (5.4.3)
  - Kingfisher (6.3.0)
  - Moya (14.0.0):
    - Moya/Core (= 14.0.0)
  - Moya/Core (14.0.0):
    - Alamofire (~> 5.0)
  - SwiftyGif (5.4.0)
  - SwiftyolLibrary (0.1.1)

DEPENDENCIES:
  - Kingfisher
  - Moya
  - SwiftyGif
  - SwiftyolLibrary (from `https://github.com/Murmeko/SwiftyolLibrary.git`)

SPEC REPOS:
  trunk:
    - Alamofire
    - Kingfisher
    - Moya
    - SwiftyGif

EXTERNAL SOURCES:
  SwiftyolLibrary:
    :git: https://github.com/Murmeko/SwiftyolLibrary.git

CHECKOUT OPTIONS:
  SwiftyolLibrary:
    :commit: 66398fde886fe79c476970f58aa6bc4700724b8c
    :git: https://github.com/Murmeko/SwiftyolLibrary.git

SPEC CHECKSUMS:
  Alamofire: e447a2774a40c996748296fa2c55112fdbbc42f9
  Kingfisher: 6c3df386db71d82c0817a429d2c9421a77396529
  Moya: 5b45dacb75adb009f97fde91c204c1e565d31916
  SwiftyGif: 5d4af95df24caf1c570dbbcb32a3b8a0763bc6d7
  SwiftyolLibrary: ac969551bc5b7888a820ce4ae8495d8fbed99198

PODFILE CHECKSUM: b85b93625ab22d3a541b8717ed5abc7af0cab9fe

COCOAPODS: 1.10.2
